
Microsoft Visual Studio Solution File, Format Version 12.00
# Visual Studio 15
VisualStudioVersion = 15.0.26403.7
MinimumVisualStudioVersion = 10.0.40219.1
Project("{FAE04EC0-301F-11D3-BF4B-00C04F79EFBC}") = "WebServer", "WebServer\WebServer.csproj", "{56F6D932-1B0C-48CD-9BC1-6984B8F6D517}"
EndProject
Project("{BBD0F5D1-1CC4-42FD-BA4C-A96779C64378}") = "WebApiServices", "WebApiServices\WebApiServices.synproj", "{C7D1E2E2-087F-49A3-9C36-B4C8E56AC1D7}"
EndProject
Project("{2150E333-8FDC-42A3-9474-1A3956D46DE8}") = "Templates", "Templates", "{0CBFBEE1-5FFD-4B1B-9400-8A08FE847C95}"
	ProjectSection(SolutionItems) = preProject
		Templates\DataClass.tpl = Templates\DataClass.tpl
		Templates\DataClassBase.tpl = Templates\DataClassBase.tpl
		Templates\RepositoryClass.tpl = Templates\RepositoryClass.tpl
		Templates\RepositoryCrudApiController.tpl = Templates\RepositoryCrudApiController.tpl
		Templates\RepositoryInterface.tpl = Templates\RepositoryInterface.tpl
		Templates\UnityResolver.tpl = Templates\UnityResolver.tpl
	EndProjectSection
EndProject
Project("{2150E333-8FDC-42A3-9474-1A3956D46DE8}") = "Solution Items", "Solution Items", "{341DE7D8-1748-49A6-8B42-89B69FA04C9B}"
	ProjectSection(SolutionItems) = preProject
		DATA\department.txt = DATA\department.txt
		DATA\department.xdl = DATA\department.xdl
		DATA\employee.txt = DATA\employee.txt
		DATA\employee.xdl = DATA\employee.xdl
		LICENSE.md = LICENSE.md
		load_data.bat = load_data.bat
		README.md = README.md
		regen.bat = regen.bat
		DATA\rps.sch = DATA\rps.sch
		rps_import.bat = rps_import.bat
		setup.bat = setup.bat
	EndProjectSection
EndProject
Project("{BBD0F5D1-1CC4-42FD-BA4C-A96779C64378}") = "SelfHost", "SelfHost\SelfHost.synproj", "{2760E410-1394-461A-9905-6401D4D9936A}"
EndProject
Project("{BBD0F5D1-1CC4-42FD-BA4C-A96779C64378}") = "TestClientNet", "TestClientNet\TestClientNet.synproj", "{FB5663EA-CCA3-4526-81CA-759EE91728C9}"
EndProject
Project("{BBD0F5D1-1CC4-42FD-BA4C-A96779C64378}") = "TestClientDbr", "TestClientDbr\TestClientDbr.synproj", "{631DECB5-9146-4D86-936A-A50188CEB0D2}"
EndProject
Project("{BBD0F5D1-1CC4-42FD-BA4C-A96779C64378}") = "TestClientWpf", "WebApiWpfClient\TestClientWpf.synproj", "{77075869-87E4-440F-B5DC-D4FDAE640594}"
EndProject
Global
	GlobalSection(SolutionConfigurationPlatforms) = preSolution
		Debug|x64 = Debug|x64
		Debug|x86 = Debug|x86
		Release|x64 = Release|x64
		Release|x86 = Release|x86
	EndGlobalSection
	GlobalSection(ProjectConfigurationPlatforms) = postSolution
		{56F6D932-1B0C-48CD-9BC1-6984B8F6D517}.Debug|x64.ActiveCfg = Debug|x64
		{56F6D932-1B0C-48CD-9BC1-6984B8F6D517}.Debug|x64.Build.0 = Debug|x64
		{56F6D932-1B0C-48CD-9BC1-6984B8F6D517}.Debug|x86.ActiveCfg = Debug|x86
		{56F6D932-1B0C-48CD-9BC1-6984B8F6D517}.Debug|x86.Build.0 = Debug|x86
		{56F6D932-1B0C-48CD-9BC1-6984B8F6D517}.Release|x64.ActiveCfg = Release|Any CPU
		{56F6D932-1B0C-48CD-9BC1-6984B8F6D517}.Release|x64.Build.0 = Release|Any CPU
		{56F6D932-1B0C-48CD-9BC1-6984B8F6D517}.Release|x86.ActiveCfg = Release|Any CPU
		{56F6D932-1B0C-48CD-9BC1-6984B8F6D517}.Release|x86.Build.0 = Release|Any CPU
		{C7D1E2E2-087F-49A3-9C36-B4C8E56AC1D7}.Debug|x64.ActiveCfg = Debug|x64
		{C7D1E2E2-087F-49A3-9C36-B4C8E56AC1D7}.Debug|x64.Build.0 = Debug|x64
		{C7D1E2E2-087F-49A3-9C36-B4C8E56AC1D7}.Debug|x86.ActiveCfg = Debug|x86
		{C7D1E2E2-087F-49A3-9C36-B4C8E56AC1D7}.Debug|x86.Build.0 = Debug|x86
		{C7D1E2E2-087F-49A3-9C36-B4C8E56AC1D7}.Release|x64.ActiveCfg = Release|Any CPU
		{C7D1E2E2-087F-49A3-9C36-B4C8E56AC1D7}.Release|x64.Build.0 = Release|Any CPU
		{C7D1E2E2-087F-49A3-9C36-B4C8E56AC1D7}.Release|x86.ActiveCfg = Release|Any CPU
		{C7D1E2E2-087F-49A3-9C36-B4C8E56AC1D7}.Release|x86.Build.0 = Release|Any CPU
		{2760E410-1394-461A-9905-6401D4D9936A}.Debug|x64.ActiveCfg = Debug|x64
		{2760E410-1394-461A-9905-6401D4D9936A}.Debug|x64.Build.0 = Debug|x64
		{2760E410-1394-461A-9905-6401D4D9936A}.Debug|x86.ActiveCfg = Debug|x86
		{2760E410-1394-461A-9905-6401D4D9936A}.Debug|x86.Build.0 = Debug|x86
		{2760E410-1394-461A-9905-6401D4D9936A}.Release|x64.ActiveCfg = Release|Any CPU
		{2760E410-1394-461A-9905-6401D4D9936A}.Release|x64.Build.0 = Release|Any CPU
		{2760E410-1394-461A-9905-6401D4D9936A}.Release|x86.ActiveCfg = Release|Any CPU
		{2760E410-1394-461A-9905-6401D4D9936A}.Release|x86.Build.0 = Release|Any CPU
		{FB5663EA-CCA3-4526-81CA-759EE91728C9}.Debug|x64.ActiveCfg = Debug|x64
		{FB5663EA-CCA3-4526-81CA-759EE91728C9}.Debug|x64.Build.0 = Debug|x64
		{FB5663EA-CCA3-4526-81CA-759EE91728C9}.Debug|x86.ActiveCfg = Debug|x86
		{FB5663EA-CCA3-4526-81CA-759EE91728C9}.Debug|x86.Build.0 = Debug|x86
		{FB5663EA-CCA3-4526-81CA-759EE91728C9}.Release|x64.ActiveCfg = Release|Any CPU
		{FB5663EA-CCA3-4526-81CA-759EE91728C9}.Release|x64.Build.0 = Release|Any CPU
		{FB5663EA-CCA3-4526-81CA-759EE91728C9}.Release|x86.ActiveCfg = Release|Any CPU
		{FB5663EA-CCA3-4526-81CA-759EE91728C9}.Release|x86.Build.0 = Release|Any CPU
		{631DECB5-9146-4D86-936A-A50188CEB0D2}.Debug|x64.ActiveCfg = Debug|x64
		{631DECB5-9146-4D86-936A-A50188CEB0D2}.Debug|x64.Build.0 = Debug|x64
		{631DECB5-9146-4D86-936A-A50188CEB0D2}.Debug|x86.ActiveCfg = Debug|x86
		{631DECB5-9146-4D86-936A-A50188CEB0D2}.Debug|x86.Build.0 = Debug|x86
		{631DECB5-9146-4D86-936A-A50188CEB0D2}.Release|x64.ActiveCfg = Release|x64
		{631DECB5-9146-4D86-936A-A50188CEB0D2}.Release|x64.Build.0 = Release|x64
		{631DECB5-9146-4D86-936A-A50188CEB0D2}.Release|x86.ActiveCfg = Release|x86
		{631DECB5-9146-4D86-936A-A50188CEB0D2}.Release|x86.Build.0 = Release|x86
		{77075869-87E4-440F-B5DC-D4FDAE640594}.Debug|x64.ActiveCfg = Debug|x64
		{77075869-87E4-440F-B5DC-D4FDAE640594}.Debug|x64.Build.0 = Debug|x64
		{77075869-87E4-440F-B5DC-D4FDAE640594}.Debug|x86.ActiveCfg = Debug|x86
		{77075869-87E4-440F-B5DC-D4FDAE640594}.Debug|x86.Build.0 = Debug|x86
		{77075869-87E4-440F-B5DC-D4FDAE640594}.Release|x64.ActiveCfg = Release|Any CPU
		{77075869-87E4-440F-B5DC-D4FDAE640594}.Release|x64.Build.0 = Release|Any CPU
		{77075869-87E4-440F-B5DC-D4FDAE640594}.Release|x86.ActiveCfg = Release|Any CPU
		{77075869-87E4-440F-B5DC-D4FDAE640594}.Release|x86.Build.0 = Release|Any CPU
	EndGlobalSection
	GlobalSection(SolutionProperties) = preSolution
		HideSolutionNode = FALSE
	EndGlobalSection
EndGlobal
